{
  "version": 4,
  "terraform_version": "1.3.4",
  "serial": 22,
  "lineage": "cddb13a1-5a54-79e0-d7e1-4a2903296ad6",
  "outputs": {},
  "resources": [
    {
      "mode": "managed",
      "type": "azurerm_linux_virtual_machine",
      "name": "test3",
      "provider": "provider[\"registry.terraform.io/hashicorp/azurerm\"]",
      "instances": [
        {
          "status": "tainted",
          "schema_version": 0,
          "attributes": {
            "additional_capabilities": [],
            "admin_password": "1Dc9K2@spfbP",
            "admin_ssh_key": [],
            "admin_username": "azureuser",
            "allow_extension_operations": true,
            "availability_set_id": "",
            "boot_diagnostics": [],
            "capacity_reservation_group_id": "",
            "computer_name": "mpssrvm",
            "custom_data": null,
            "dedicated_host_group_id": "",
            "dedicated_host_id": "",
            "disable_password_authentication": false,
            "edge_zone": "",
            "encryption_at_host_enabled": false,
            "eviction_policy": "",
            "extensions_time_budget": "PT1H30M",
            "gallery_application": [],
            "id": "/subscriptions/e6f08f5a-df19-45bd-91cd-11d98b61e5d2/resourceGroups/Safa_LazregDS/providers/Microsoft.Compute/virtualMachines/Safa_LazregDS",
            "identity": [],
            "license_type": "",
            "location": "westeurope",
            "max_bid_price": -1,
            "name": "Safa_LazregDS",
            "network_interface_ids": [
              "/subscriptions/e6f08f5a-df19-45bd-91cd-11d98b61e5d2/resourceGroups/Safa_LazregDS/providers/Microsoft.Network/networkInterfaces/Safa_LazregDS"
            ],
            "os_disk": [
              {
                "caching": "ReadWrite",
                "diff_disk_settings": [],
                "disk_encryption_set_id": "",
                "disk_size_gb": 30,
                "name": "Safa_LazregDS-os-disk",
                "secure_vm_disk_encryption_set_id": "",
                "security_encryption_type": "",
                "storage_account_type": "Standard_LRS",
                "write_accelerator_enabled": false
              }
            ],
            "patch_assessment_mode": "ImageDefault",
            "patch_mode": "ImageDefault",
            "plan": [],
            "platform_fault_domain": -1,
            "priority": "Regular",
            "private_ip_address": "10.0.1.4",
            "private_ip_addresses": [
              "10.0.1.4"
            ],
            "provision_vm_agent": true,
            "proximity_placement_group_id": "",
            "public_ip_address": "20.73.176.232",
            "public_ip_addresses": [
              "20.73.176.232"
            ],
            "resource_group_name": "Safa_LazregDS",
            "secret": [],
            "secure_boot_enabled": false,
            "size": "Standard_B1s",
            "source_image_id": "",
            "source_image_reference": [
              {
                "offer": "UbuntuServer",
                "publisher": "Canonical",
                "sku": "18.04-LTS",
                "version": "latest"
              }
            ],
            "tags": null,
            "termination_notification": null,
            "timeouts": null,
            "user_data": "",
            "virtual_machine_id": "6e86cd47-517e-4756-9667-25b3f46d6a87",
            "virtual_machine_scale_set_id": "",
            "vtpm_enabled": false,
            "zone": ""
          },
          "sensitive_attributes": [],
          "private": "eyJlMmJmYjczMC1lY2FhLTExZTYtOGY4OC0zNDM2M2JjN2M0YzAiOnsiY3JlYXRlIjoyNzAwMDAwMDAwMDAwLCJkZWxldGUiOjI3MDAwMDAwMDAwMDAsInJlYWQiOjMwMDAwMDAwMDAwMCwidXBkYXRlIjoyNzAwMDAwMDAwMDAwfX0=",
          "dependencies": [
            "azurerm_network_interface.test3",
            "azurerm_public_ip.test3",
            "azurerm_resource_group.test"
          ]
        }
      ]
    },
    {
      "mode": "managed",
      "type": "azurerm_network_interface",
      "name": "test3",
      "provider": "provider[\"registry.terraform.io/hashicorp/azurerm\"]",
      "instances": [
        {
          "schema_version": 0,
          "attributes": {
            "applied_dns_servers": [],
            "dns_servers": [],
            "edge_zone": "",
            "enable_accelerated_networking": false,
            "enable_ip_forwarding": false,
            "id": "/subscriptions/e6f08f5a-df19-45bd-91cd-11d98b61e5d2/resourceGroups/Safa_LazregDS/providers/Microsoft.Network/networkInterfaces/Safa_LazregDS",
            "internal_dns_name_label": "",
            "internal_domain_name_suffix": "2j20slyscywexc5osu1mue1pme.ax.internal.cloudapp.net",
            "ip_configuration": [
              {
                "gateway_load_balancer_frontend_ip_configuration_id": "",
                "name": "Safa_LazregDS-nic-ip-config",
                "primary": true,
                "private_ip_address": "10.0.1.4",
                "private_ip_address_allocation": "Dynamic",
                "private_ip_address_version": "IPv4",
                "public_ip_address_id": "/subscriptions/e6f08f5a-df19-45bd-91cd-11d98b61e5d2/resourceGroups/Safa_LazregDS/providers/Microsoft.Network/publicIPAddresses/Safa_LazregDS-public-ip",
                "subnet_id": "/subscriptions/e6f08f5a-df19-45bd-91cd-11d98b61e5d2/resourceGroups/Safa_LazregDS/providers/Microsoft.Network/virtualNetworks/Safa_LazregDS/subnets/Safa_LazregDS"
              }
            ],
            "location": "westeurope",
            "mac_address": "00-0D-3A-4C-0E-57",
            "name": "Safa_LazregDS",
            "private_ip_address": "10.0.1.4",
            "private_ip_addresses": [
              "10.0.1.4"
            ],
            "resource_group_name": "Safa_LazregDS",
            "tags": {},
            "timeouts": null,
            "virtual_machine_id": "/subscriptions/e6f08f5a-df19-45bd-91cd-11d98b61e5d2/resourceGroups/Safa_LazregDS/providers/Microsoft.Compute/virtualMachines/Safa_LazregDS"
          },
          "sensitive_attributes": [],
          "private": "eyJlMmJmYjczMC1lY2FhLTExZTYtOGY4OC0zNDM2M2JjN2M0YzAiOnsiY3JlYXRlIjoxODAwMDAwMDAwMDAwLCJkZWxldGUiOjE4MDAwMDAwMDAwMDAsInJlYWQiOjMwMDAwMDAwMDAwMCwidXBkYXRlIjoxODAwMDAwMDAwMDAwfX0=",
          "dependencies": [
            "azurerm_public_ip.test3",
            "azurerm_resource_group.test",
            "azurerm_subnet.test3",
            "azurerm_virtual_network.test"
          ]
        }
      ]
    },
    {
      "mode": "managed",
      "type": "azurerm_network_security_group",
      "name": "test3",
      "provider": "provider[\"registry.terraform.io/hashicorp/azurerm\"]",
      "instances": [
        {
          "schema_version": 0,
          "attributes": {
            "id": "/subscriptions/e6f08f5a-df19-45bd-91cd-11d98b61e5d2/resourceGroups/Safa_LazregDS/providers/Microsoft.Network/networkSecurityGroups/Safa_LazregDS-security-group",
            "location": "westeurope",
            "name": "Safa_LazregDS-security-group",
            "resource_group_name": "Safa_LazregDS",
            "security_rule": [
              {
                "access": "Allow",
                "description": "",
                "destination_address_prefix": "*",
                "destination_address_prefixes": [],
                "destination_application_security_group_ids": [],
                "destination_port_range": "*",
                "destination_port_ranges": [],
                "direction": "Inbound",
                "name": "Safa_LazregDS-security-rule",
                "priority": 1001,
                "protocol": "Tcp",
                "source_address_prefix": "*",
                "source_address_prefixes": [],
                "source_application_security_group_ids": [],
                "source_port_range": "*",
                "source_port_ranges": []
              }
            ],
            "tags": {},
            "timeouts": null
          },
          "sensitive_attributes": [],
          "private": "eyJlMmJmYjczMC1lY2FhLTExZTYtOGY4OC0zNDM2M2JjN2M0YzAiOnsiY3JlYXRlIjoxODAwMDAwMDAwMDAwLCJkZWxldGUiOjE4MDAwMDAwMDAwMDAsInJlYWQiOjMwMDAwMDAwMDAwMCwidXBkYXRlIjoxODAwMDAwMDAwMDAwfX0=",
          "dependencies": [
            "azurerm_resource_group.test"
          ]
        }
      ]
    },
    {
      "mode": "managed",
      "type": "azurerm_network_security_rule",
      "name": "test3",
      "provider": "provider[\"registry.terraform.io/hashicorp/azurerm\"]",
      "instances": [
        {
          "schema_version": 0,
          "attributes": {
            "access": "Allow",
            "description": "",
            "destination_address_prefix": "*",
            "destination_address_prefixes": [],
            "destination_application_security_group_ids": [],
            "destination_port_range": "*",
            "destination_port_ranges": [],
            "direction": "Inbound",
            "id": "/subscriptions/e6f08f5a-df19-45bd-91cd-11d98b61e5d2/resourceGroups/Safa_LazregDS/providers/Microsoft.Network/networkSecurityGroups/Safa_LazregDS-security-group/securityRules/Safa_LazregDS-security-rule",
            "name": "Safa_LazregDS-security-rule",
            "network_security_group_name": "Safa_LazregDS-security-group",
            "priority": 1001,
            "protocol": "Tcp",
            "resource_group_name": "Safa_LazregDS",
            "source_address_prefix": "*",
            "source_address_prefixes": [],
            "source_application_security_group_ids": [],
            "source_port_range": "*",
            "source_port_ranges": [],
            "timeouts": null
          },
          "sensitive_attributes": [],
          "private": "eyJlMmJmYjczMC1lY2FhLTExZTYtOGY4OC0zNDM2M2JjN2M0YzAiOnsiY3JlYXRlIjoxODAwMDAwMDAwMDAwLCJkZWxldGUiOjE4MDAwMDAwMDAwMDAsInJlYWQiOjMwMDAwMDAwMDAwMCwidXBkYXRlIjoxODAwMDAwMDAwMDAwfX0=",
          "dependencies": [
            "azurerm_network_security_group.test3",
            "azurerm_resource_group.test"
          ]
        }
      ]
    },
    {
      "mode": "managed",
      "type": "azurerm_public_ip",
      "name": "test3",
      "provider": "provider[\"registry.terraform.io/hashicorp/azurerm\"]",
      "instances": [
        {
          "schema_version": 0,
          "attributes": {
            "allocation_method": "Static",
            "domain_name_label": null,
            "edge_zone": "",
            "fqdn": null,
            "id": "/subscriptions/e6f08f5a-df19-45bd-91cd-11d98b61e5d2/resourceGroups/Safa_LazregDS/providers/Microsoft.Network/publicIPAddresses/Safa_LazregDS-public-ip",
            "idle_timeout_in_minutes": 4,
            "ip_address": "20.73.176.232",
            "ip_tags": {},
            "ip_version": "IPv4",
            "location": "westeurope",
            "name": "Safa_LazregDS-public-ip",
            "public_ip_prefix_id": null,
            "resource_group_name": "Safa_LazregDS",
            "reverse_fqdn": null,
            "sku": "Basic",
            "sku_tier": "Regional",
            "tags": {},
            "timeouts": null,
            "zones": []
          },
          "sensitive_attributes": [],
          "private": "eyJlMmJmYjczMC1lY2FhLTExZTYtOGY4OC0zNDM2M2JjN2M0YzAiOnsiY3JlYXRlIjoxODAwMDAwMDAwMDAwLCJkZWxldGUiOjE4MDAwMDAwMDAwMDAsInJlYWQiOjMwMDAwMDAwMDAwMCwidXBkYXRlIjoxODAwMDAwMDAwMDAwfX0=",
          "dependencies": [
            "azurerm_resource_group.test"
          ]
        }
      ]
    },
    {
      "mode": "managed",
      "type": "azurerm_resource_group",
      "name": "test",
      "provider": "provider[\"registry.terraform.io/hashicorp/azurerm\"]",
      "instances": [
        {
          "schema_version": 0,
          "attributes": {
            "id": "/subscriptions/e6f08f5a-df19-45bd-91cd-11d98b61e5d2/resourceGroups/Safa_LazregDS",
            "location": "westeurope",
            "name": "Safa_LazregDS",
            "tags": {},
            "timeouts": null
          },
          "sensitive_attributes": [],
          "private": "eyJlMmJmYjczMC1lY2FhLTExZTYtOGY4OC0zNDM2M2JjN2M0YzAiOnsiY3JlYXRlIjo1NDAwMDAwMDAwMDAwLCJkZWxldGUiOjU0MDAwMDAwMDAwMDAsInJlYWQiOjMwMDAwMDAwMDAwMCwidXBkYXRlIjo1NDAwMDAwMDAwMDAwfX0="
        }
      ]
    },
    {
      "mode": "managed",
      "type": "azurerm_subnet",
      "name": "test3",
      "provider": "provider[\"registry.terraform.io/hashicorp/azurerm\"]",
      "instances": [
        {
          "schema_version": 0,
          "attributes": {
            "address_prefixes": [
              "10.0.1.0/24"
            ],
            "delegation": [],
            "enforce_private_link_endpoint_network_policies": false,
            "enforce_private_link_service_network_policies": false,
            "id": "/subscriptions/e6f08f5a-df19-45bd-91cd-11d98b61e5d2/resourceGroups/Safa_LazregDS/providers/Microsoft.Network/virtualNetworks/Safa_LazregDS/subnets/Safa_LazregDS",
            "name": "Safa_LazregDS",
            "private_endpoint_network_policies_enabled": true,
            "private_link_service_network_policies_enabled": true,
            "resource_group_name": "Safa_LazregDS",
            "service_endpoint_policy_ids": [],
            "service_endpoints": [],
            "timeouts": null,
            "virtual_network_name": "Safa_LazregDS"
          },
          "sensitive_attributes": [],
          "private": "eyJlMmJmYjczMC1lY2FhLTExZTYtOGY4OC0zNDM2M2JjN2M0YzAiOnsiY3JlYXRlIjoxODAwMDAwMDAwMDAwLCJkZWxldGUiOjE4MDAwMDAwMDAwMDAsInJlYWQiOjMwMDAwMDAwMDAwMCwidXBkYXRlIjoxODAwMDAwMDAwMDAwfX0=",
          "dependencies": [
            "azurerm_resource_group.test",
            "azurerm_virtual_network.test"
          ]
        }
      ]
    },
    {
      "mode": "managed",
      "type": "azurerm_virtual_network",
      "name": "test",
      "provider": "provider[\"registry.terraform.io/hashicorp/azurerm\"]",
      "instances": [
        {
          "schema_version": 0,
          "attributes": {
            "address_space": [
              "10.0.0.0/16"
            ],
            "bgp_community": "",
            "ddos_protection_plan": [],
            "dns_servers": [],
            "edge_zone": "",
            "flow_timeout_in_minutes": 0,
            "guid": "2fa979e2-1612-4b2c-8bee-9536ca136f64",
            "id": "/subscriptions/e6f08f5a-df19-45bd-91cd-11d98b61e5d2/resourceGroups/Safa_LazregDS/providers/Microsoft.Network/virtualNetworks/Safa_LazregDS",
            "location": "westeurope",
            "name": "Safa_LazregDS",
            "resource_group_name": "Safa_LazregDS",
            "subnet": [
              {
                "address_prefix": "10.0.1.0/24",
                "id": "/subscriptions/e6f08f5a-df19-45bd-91cd-11d98b61e5d2/resourceGroups/Safa_LazregDS/providers/Microsoft.Network/virtualNetworks/Safa_LazregDS/subnets/Safa_LazregDS",
                "name": "Safa_LazregDS",
                "security_group": ""
              }
            ],
            "tags": {},
            "timeouts": null
          },
          "sensitive_attributes": [],
          "private": "eyJlMmJmYjczMC1lY2FhLTExZTYtOGY4OC0zNDM2M2JjN2M0YzAiOnsiY3JlYXRlIjoxODAwMDAwMDAwMDAwLCJkZWxldGUiOjE4MDAwMDAwMDAwMDAsInJlYWQiOjMwMDAwMDAwMDAwMCwidXBkYXRlIjoxODAwMDAwMDAwMDAwfX0=",
          "dependencies": [
            "azurerm_resource_group.test"
          ]
        }
      ]
    }
  ],
  "check_results": null
}
